
Microsoft Visual Studio Solution File, Format Version 12.00
# Visual Studio Version 16
VisualStudioVersion = 16.0.34301.259
MinimumVisualStudioVersion = 10.0.40219.1
Project("{FAE04EC0-301F-11D3-BF4B-00C04F79EFBC}") = "mvc_entity", "mvc_entity\mvc_entity.csproj", "{ADD020CE-D2DD-407A-9EC1-6C694ABC0C98}"
EndProject
Global
	GlobalSection(SolutionConfigurationPlatforms) = preSolution
		Debug|Any CPU = Debug|Any CPU
		Release|Any CPU = Release|Any CPU
	EndGlobalSection
	GlobalSection(ProjectConfigurationPlatforms) = postSolution
		{ADD020CE-D2DD-407A-9EC1-6C694ABC0C98}.Debug|Any CPU.ActiveCfg = Debug|Any CPU
		{ADD020CE-D2DD-407A-9EC1-6C694ABC0C98}.Debug|Any CPU.Build.0 = Debug|Any CPU
		{ADD020CE-D2DD-407A-9EC1-6C694ABC0C98}.Release|Any CPU.ActiveCfg = Release|Any CPU
		{ADD020CE-D2DD-407A-9EC1-6C694ABC0C98}.Release|Any CPU.Build.0 = Release|Any CPU
	EndGlobalSection
	GlobalSection(SolutionProperties) = preSolution
		HideSolutionNode = FALSE
	EndGlobalSection
	GlobalSection(ExtensibilityGlobals) = postSolution
		SolutionGuid = {B95CA7F2-7E66-4EB3-948A-DB36C29A224A}
	EndGlobalSection
EndGlobal
